Microsoft Visual Studio Solution File, Format Version 12.00
# Visual Studio Version 17
VisualStudioVersion = 17.0.31903.59
MinimumVisualStudioVersion = 10.0.40219.1
Project("{FAE04EC0-301F-11D3-BF4B-00C04F79EFBC}") = "FriporaFiscalBot.Service", "src\FriporaFiscalBot.Service\FriporaFiscalBot.Service.csproj", "{1A6F2A0B-0D0C-4E18-9C54-5D0B1C40F001}"
EndProject
Project("{FAE04EC0-301F-11D3-BF4B-00C04F79EFBC}") = "FriporaFiscalBot.Monitor", "src\FriporaFiscalBot.Monitor\FriporaFiscalBot.Monitor.csproj", "{1A6F2A0B-0D0C-4E18-9C54-5D0B1C40F002}"
EndProject
Project("{FAE04EC0-301F-11D3-BF4B-00C04F79EFBC}") = "FriporaFiscalBot.Tests", "tests\FriporaFiscalBot.Tests\FriporaFiscalBot.Tests.csproj", "{1A6F2A0B-0D0C-4E18-9C54-5D0B1C40F003}"
EndProject
Global
	GlobalSection(SolutionConfigurationPlatforms) = preSolution
		Debug|Any CPU = Debug|Any CPU
		Release|Any CPU = Release|Any CPU
	EndGlobalSection
	GlobalSection(ProjectConfigurationPlatforms) = postSolution
		{1A6F2A0B-0D0C-4E18-9C54-5D0B1C40F001}.Debug|Any CPU.ActiveCfg = Debug|Any CPU
		{1A6F2A0B-0D0C-4E18-9C54-5D0B1C40F001}.Debug|Any CPU.Build.0 = Debug|Any CPU
		{1A6F2A0B-0D0C-4E18-9C54-5D0B1C40F001}.Release|Any CPU.ActiveCfg = Release|Any CPU
		{1A6F2A0B-0D0C-4E18-9C54-5D0B1C40F001}.Release|Any CPU.Build.0 = Release|Any CPU
		{1A6F2A0B-0D0C-4E18-9C54-5D0B1C40F002}.Debug|Any CPU.ActiveCfg = Debug|Any CPU
		{1A6F2A0B-0D0C-4E18-9C54-5D0B1C40F002}.Debug|Any CPU.Build.0 = Debug|Any CPU
		{1A6F2A0B-0D0C-4E18-9C54-5D0B1C40F002}.Release|Any CPU.ActiveCfg = Release|Any CPU
		{1A6F2A0B-0D0C-4E18-9C54-5D0B1C40F002}.Release|Any CPU.Build.0 = Release|Any CPU
		{1A6F2A0B-0D0C-4E18-9C54-5D0B1C40F003}.Debug|Any CPU.ActiveCfg = Debug|Any CPU
		{1A6F2A0B-0D0C-4E18-9C54-5D0B1C40F003}.Debug|Any CPU.Build.0 = Debug|Any CPU
		{1A6F2A0B-0D0C-4E18-9C54-5D0B1C40F003}.Release|Any CPU.ActiveCfg = Release|Any CPU
		{1A6F2A0B-0D0C-4E18-9C54-5D0B1C40F003}.Release|Any CPU.Build.0 = Release|Any CPU
	EndGlobalSection
	GlobalSection(SolutionProperties) = preSolution
		HideSolutionNode = FALSE
	EndGlobalSection
EndGlobal
